
Microsoft Visual Studio Solution File, Format Version 12.00
# Visual Studio Version 16
VisualStudioVersion = 16.0.29613.14
MinimumVisualStudioVersion = 15.0.26124.0
Project("{9A19103F-16F7-4668-BE54-9A1E7A4F7556}") = "raBudget.Domain", "raBudget.Domain\raBudget.Domain.csproj", "{08D64EA9-D2F5-408A-B6E2-12B61BFF3144}"
EndProject
Project("{9A19103F-16F7-4668-BE54-9A1E7A4F7556}") = "raBudget.Domain.UnitTests", "raBudget.Domain.UnitTests\raBudget.Domain.UnitTests.csproj", "{401A3ED6-D24D-45ED-903F-5EF44BE9BCBC}"
EndProject
Project("{9A19103F-16F7-4668-BE54-9A1E7A4F7556}") = "raBudget.Infrastructure", "raBudget.Infrastructure\raBudget.Infrastructure.csproj", "{3A58B5FC-A13B-4CF6-9D90-41452A86C1D4}"
EndProject
Project("{2150E333-8FDC-42A3-9474-1A3956D46DE8}") = "Tests", "Tests", "{A2389A55-FAA0-427B-A354-BE3A12184544}"
EndProject
Project("{2150E333-8FDC-42A3-9474-1A3956D46DE8}") = "Source", "Source", "{DD72B9B0-2CB2-4877-A17D-1929E3FFA5CA}"
EndProject
Project("{FAE04EC0-301F-11D3-BF4B-00C04F79EFBC}") = "raBudget.Common", "raBudget.Common\raBudget.Common.csproj", "{6EF6BFFA-48A0-4A1D-BDAE-30BA640D97B8}"
EndProject
Project("{FAE04EC0-301F-11D3-BF4B-00C04F79EFBC}") = "raBudget.Api", "raBudget.Api\raBudget.Api.csproj", "{1CBA920D-A99C-4EC2-BD8A-33EB2392EF0E}"
EndProject
Project("{FAE04EC0-301F-11D3-BF4B-00C04F79EFBC}") = "raBudget.Application", "reBudget.Application\raBudget.Application.csproj", "{FF0381AF-9581-42BA-A2A1-4CEADD39B2CD}"
EndProject
Global
	GlobalSection(SolutionConfigurationPlatforms) = preSolution
		Debug|Any CPU = Debug|Any CPU
		Debug|x64 = Debug|x64
		Debug|x86 = Debug|x86
		Release|Any CPU = Release|Any CPU
		Release|x64 = Release|x64
		Release|x86 = Release|x86
	EndGlobalSection
	GlobalSection(ProjectConfigurationPlatforms) = postSolution
		{08D64EA9-D2F5-408A-B6E2-12B61BFF3144}.Debug|Any CPU.ActiveCfg = Debug|Any CPU
		{08D64EA9-D2F5-408A-B6E2-12B61BFF3144}.Debug|Any CPU.Build.0 = Debug|Any CPU
		{08D64EA9-D2F5-408A-B6E2-12B61BFF3144}.Debug|x64.ActiveCfg = Debug|Any CPU
		{08D64EA9-D2F5-408A-B6E2-12B61BFF3144}.Debug|x64.Build.0 = Debug|Any CPU
		{08D64EA9-D2F5-408A-B6E2-12B61BFF3144}.Debug|x86.ActiveCfg = Debug|Any CPU
		{08D64EA9-D2F5-408A-B6E2-12B61BFF3144}.Debug|x86.Build.0 = Debug|Any CPU
		{08D64EA9-D2F5-408A-B6E2-12B61BFF3144}.Release|Any CPU.ActiveCfg = Release|Any CPU
		{08D64EA9-D2F5-408A-B6E2-12B61BFF3144}.Release|Any CPU.Build.0 = Release|Any CPU
		{08D64EA9-D2F5-408A-B6E2-12B61BFF3144}.Release|x64.ActiveCfg = Release|Any CPU
		{08D64EA9-D2F5-408A-B6E2-12B61BFF3144}.Release|x64.Build.0 = Release|Any CPU
		{08D64EA9-D2F5-408A-B6E2-12B61BFF3144}.Release|x86.ActiveCfg = Release|Any CPU
		{08D64EA9-D2F5-408A-B6E2-12B61BFF3144}.Release|x86.Build.0 = Release|Any CPU
		{401A3ED6-D24D-45ED-903F-5EF44BE9BCBC}.Debug|Any CPU.ActiveCfg = Debug|Any CPU
		{401A3ED6-D24D-45ED-903F-5EF44BE9BCBC}.Debug|Any CPU.Build.0 = Debug|Any CPU
		{401A3ED6-D24D-45ED-903F-5EF44BE9BCBC}.Debug|x64.ActiveCfg = Debug|Any CPU
		{401A3ED6-D24D-45ED-903F-5EF44BE9BCBC}.Debug|x64.Build.0 = Debug|Any CPU
		{401A3ED6-D24D-45ED-903F-5EF44BE9BCBC}.Debug|x86.ActiveCfg = Debug|Any CPU
		{401A3ED6-D24D-45ED-903F-5EF44BE9BCBC}.Debug|x86.Build.0 = Debug|Any CPU
		{401A3ED6-D24D-45ED-903F-5EF44BE9BCBC}.Release|Any CPU.ActiveCfg = Release|Any CPU
		{401A3ED6-D24D-45ED-903F-5EF44BE9BCBC}.Release|Any CPU.Build.0 = Release|Any CPU
		{401A3ED6-D24D-45ED-903F-5EF44BE9BCBC}.Release|x64.ActiveCfg = Release|Any CPU
		{401A3ED6-D24D-45ED-903F-5EF44BE9BCBC}.Release|x64.Build.0 = Release|Any CPU
		{401A3ED6-D24D-45ED-903F-5EF44BE9BCBC}.Release|x86.ActiveCfg = Release|Any CPU
		{401A3ED6-D24D-45ED-903F-5EF44BE9BCBC}.Release|x86.Build.0 = Release|Any CPU
		{3A58B5FC-A13B-4CF6-9D90-41452A86C1D4}.Debug|Any CPU.ActiveCfg = Debug|Any CPU
		{3A58B5FC-A13B-4CF6-9D90-41452A86C1D4}.Debug|Any CPU.Build.0 = Debug|Any CPU
		{3A58B5FC-A13B-4CF6-9D90-41452A86C1D4}.Debug|x64.ActiveCfg = Debug|Any CPU
		{3A58B5FC-A13B-4CF6-9D90-41452A86C1D4}.Debug|x64.Build.0 = Debug|Any CPU
		{3A58B5FC-A13B-4CF6-9D90-41452A86C1D4}.Debug|x86.ActiveCfg = Debug|Any CPU
		{3A58B5FC-A13B-4CF6-9D90-41452A86C1D4}.Debug|x86.Build.0 = Debug|Any CPU
		{3A58B5FC-A13B-4CF6-9D90-41452A86C1D4}.Release|Any CPU.ActiveCfg = Release|Any CPU
		{3A58B5FC-A13B-4CF6-9D90-41452A86C1D4}.Release|Any CPU.Build.0 = Release|Any CPU
		{3A58B5FC-A13B-4CF6-9D90-41452A86C1D4}.Release|x64.ActiveCfg = Release|Any CPU
		{3A58B5FC-A13B-4CF6-9D90-41452A86C1D4}.Release|x64.Build.0 = Release|Any CPU
		{3A58B5FC-A13B-4CF6-9D90-41452A86C1D4}.Release|x86.ActiveCfg = Release|Any CPU
		{3A58B5FC-A13B-4CF6-9D90-41452A86C1D4}.Release|x86.Build.0 = Release|Any CPU
		{6EF6BFFA-48A0-4A1D-BDAE-30BA640D97B8}.Debug|Any CPU.ActiveCfg = Debug|Any CPU
		{6EF6BFFA-48A0-4A1D-BDAE-30BA640D97B8}.Debug|Any CPU.Build.0 = Debug|Any CPU
		{6EF6BFFA-48A0-4A1D-BDAE-30BA640D97B8}.Debug|x64.ActiveCfg = Debug|Any CPU
		{6EF6BFFA-48A0-4A1D-BDAE-30BA640D97B8}.Debug|x64.Build.0 = Debug|Any CPU
		{6EF6BFFA-48A0-4A1D-BDAE-30BA640D97B8}.Debug|x86.ActiveCfg = Debug|Any CPU
		{6EF6BFFA-48A0-4A1D-BDAE-30BA640D97B8}.Debug|x86.Build.0 = Debug|Any CPU
		{6EF6BFFA-48A0-4A1D-BDAE-30BA640D97B8}.Release|Any CPU.ActiveCfg = Release|Any CPU
		{6EF6BFFA-48A0-4A1D-BDAE-30BA640D97B8}.Release|Any CPU.Build.0 = Release|Any CPU
		{6EF6BFFA-48A0-4A1D-BDAE-30BA640D97B8}.Release|x64.ActiveCfg = Release|Any CPU
		{6EF6BFFA-48A0-4A1D-BDAE-30BA640D97B8}.Release|x64.Build.0 = Release|Any CPU
		{6EF6BFFA-48A0-4A1D-BDAE-30BA640D97B8}.Release|x86.ActiveCfg = Release|Any CPU
		{6EF6BFFA-48A0-4A1D-BDAE-30BA640D97B8}.Release|x86.Build.0 = Release|Any CPU
		{1CBA920D-A99C-4EC2-BD8A-33EB2392EF0E}.Debug|Any CPU.ActiveCfg = Debug|Any CPU
		{1CBA920D-A99C-4EC2-BD8A-33EB2392EF0E}.Debug|Any CPU.Build.0 = Debug|Any CPU
		{1CBA920D-A99C-4EC2-BD8A-33EB2392EF0E}.Debug|x64.ActiveCfg = Debug|Any CPU
		{1CBA920D-A99C-4EC2-BD8A-33EB2392EF0E}.Debug|x64.Build.0 = Debug|Any CPU
		{1CBA920D-A99C-4EC2-BD8A-33EB2392EF0E}.Debug|x86.ActiveCfg = Debug|Any CPU
		{1CBA920D-A99C-4EC2-BD8A-33EB2392EF0E}.Debug|x86.Build.0 = Debug|Any CPU
		{1CBA920D-A99C-4EC2-BD8A-33EB2392EF0E}.Release|Any CPU.ActiveCfg = Release|Any CPU
		{1CBA920D-A99C-4EC2-BD8A-33EB2392EF0E}.Release|Any CPU.Build.0 = Release|Any CPU
		{1CBA920D-A99C-4EC2-BD8A-33EB2392EF0E}.Release|x64.ActiveCfg = Release|Any CPU
		{1CBA920D-A99C-4EC2-BD8A-33EB2392EF0E}.Release|x64.Build.0 = Release|Any CPU
		{1CBA920D-A99C-4EC2-BD8A-33EB2392EF0E}.Release|x86.ActiveCfg = Release|Any CPU
		{1CBA920D-A99C-4EC2-BD8A-33EB2392EF0E}.Release|x86.Build.0 = Release|Any CPU
		{FF0381AF-9581-42BA-A2A1-4CEADD39B2CD}.Debug|Any CPU.ActiveCfg = Debug|Any CPU
		{FF0381AF-9581-42BA-A2A1-4CEADD39B2CD}.Debug|Any CPU.Build.0 = Debug|Any CPU
		{FF0381AF-9581-42BA-A2A1-4CEADD39B2CD}.Debug|x64.ActiveCfg = Debug|Any CPU
		{FF0381AF-9581-42BA-A2A1-4CEADD39B2CD}.Debug|x64.Build.0 = Debug|Any CPU
		{FF0381AF-9581-42BA-A2A1-4CEADD39B2CD}.Debug|x86.ActiveCfg = Debug|Any CPU
		{FF0381AF-9581-42BA-A2A1-4CEADD39B2CD}.Debug|x86.Build.0 = Debug|Any CPU
		{FF0381AF-9581-42BA-A2A1-4CEADD39B2CD}.Release|Any CPU.ActiveCfg = Release|Any CPU
		{FF0381AF-9581-42BA-A2A1-4CEADD39B2CD}.Release|Any CPU.Build.0 = Release|Any CPU
		{FF0381AF-9581-42BA-A2A1-4CEADD39B2CD}.Release|x64.ActiveCfg = Release|Any CPU
		{FF0381AF-9581-42BA-A2A1-4CEADD39B2CD}.Release|x64.Build.0 = Release|Any CPU
		{FF0381AF-9581-42BA-A2A1-4CEADD39B2CD}.Release|x86.ActiveCfg = Release|Any CPU
		{FF0381AF-9581-42BA-A2A1-4CEADD39B2CD}.Release|x86.Build.0 = Release|Any CPU
	EndGlobalSection
	GlobalSection(SolutionProperties) = preSolution
		HideSolutionNode = FALSE
	EndGlobalSection
	GlobalSection(NestedProjects) = preSolution
		{08D64EA9-D2F5-408A-B6E2-12B61BFF3144} = {DD72B9B0-2CB2-4877-A17D-1929E3FFA5CA}
		{401A3ED6-D24D-45ED-903F-5EF44BE9BCBC} = {A2389A55-FAA0-427B-A354-BE3A12184544}
		{3A58B5FC-A13B-4CF6-9D90-41452A86C1D4} = {DD72B9B0-2CB2-4877-A17D-1929E3FFA5CA}
		{6EF6BFFA-48A0-4A1D-BDAE-30BA640D97B8} = {DD72B9B0-2CB2-4877-A17D-1929E3FFA5CA}
		{1CBA920D-A99C-4EC2-BD8A-33EB2392EF0E} = {DD72B9B0-2CB2-4877-A17D-1929E3FFA5CA}
		{FF0381AF-9581-42BA-A2A1-4CEADD39B2CD} = {DD72B9B0-2CB2-4877-A17D-1929E3FFA5CA}
	EndGlobalSection
	GlobalSection(ExtensibilityGlobals) = postSolution
		SolutionGuid = {3641A8E8-A6B5-43A3-80B8-F3E9D2063162}
	EndGlobalSection
EndGlobal
